// !$*UTF8*$!
{
	archiveVersion = 1;
	classes = {
	};
	objectVersion = 46;
	objects = {

/* Begin PBXBuildFile section */
		569974E91AFFE35300D26A20 /* testgldll.cpp in Sources */ = {isa = PBXBuildFile; fileRef = 569974E81AFFE35300D26A20 /* testgldll.cpp */; };
		569974F41AFFEF9F00D26A20 /* GLUT.framework in Frameworks */ = {isa = PBXBuildFile; fileRef = 569974F31AFFEF9F00D26A20 /* GLUT.framework */; };
		569974F61AFFEFA500D26A20 /* OpenGL.framework in Frameworks */ = {isa = PBXBuildFile; fileRef = 569974F51AFFEFA500D26A20 /* OpenGL.framework */; };
		56D50B291B1DD89100465362 /* libLLCefLib.a in Frameworks */ = {isa = PBXBuildFile; fileRef = 56D50B261B1DD88300465362 /* libLLCefLib.a */; };
/* End PBXBuildFile section */

/* Begin PBXContainerItemProxy section */
		56D50B251B1DD88300465362 /* PBXContainerItemProxy */ = {
			isa = PBXContainerItemProxy;
			containerPortal = 569974EA1AFFE5B500D26A20 /* LLCefLib.xcodeproj */;
			proxyType = 2;
			remoteGlobalIDString = 5634D8C41AFFE06900EB109F;
			remoteInfo = LLCefLib;
		};
		56D50B271B1DD88900465362 /* PBXContainerItemProxy */ = {
			isa = PBXContainerItemProxy;
			containerPortal = 569974EA1AFFE5B500D26A20 /* LLCefLib.xcodeproj */;
			proxyType = 1;
			remoteGlobalIDString = 5634D8C31AFFE06900EB109F;
			remoteInfo = LLCefLib;
		};
/* End PBXContainerItemProxy section */

/* Begin PBXFileReference section */
		569974D41AFFE2DB00D26A20 /* libtestglDLL.dylib */ = {isa = PBXFileReference; explicitFileType = "compiled.mach-o.dylib"; includeInIndex = 0; path = libtestglDLL.dylib; sourceTree = BUILT_PRODUCTS_DIR; };
		569974E81AFFE35300D26A20 /* testgldll.cpp */ = {isa = PBXFileReference; explicitFileType = sourcecode.cpp.objcpp; fileEncoding = 4; path = testgldll.cpp; sourceTree = SOURCE_ROOT; };
		569974EA1AFFE5B500D26A20 /* LLCefLib.xcodeproj */ = {isa = PBXFileReference; lastKnownFileType = "wrapper.pb-project"; name = LLCefLib.xcodeproj; path = ../../LLCefLib.xcodeproj; sourceTree = "<group>"; };
		569974F31AFFEF9F00D26A20 /* GLUT.framework */ = {isa = PBXFileReference; lastKnownFileType = wrapper.framework; name = GLUT.framework; path = System/Library/Frameworks/GLUT.framework; sourceTree = SDKROOT; };
		569974F51AFFEFA500D26A20 /* OpenGL.framework */ = {isa = PBXFileReference; lastKnownFileType = wrapper.framework; name = OpenGL.framework; path = System/Library/Frameworks/OpenGL.framework; sourceTree = SDKROOT; };
/* End PBXFileReference section */

/* Begin PBXFrameworksBuildPhase section */
		569974D11AFFE2DB00D26A20 /* Frameworks */ = {
			isa = PBXFrameworksBuildPhase;
			buildActionMask = 2147483647;
			files = (
				56D50B291B1DD89100465362 /* libLLCefLib.a in Frameworks */,
				569974F61AFFEFA500D26A20 /* OpenGL.framework in Frameworks */,
				569974F41AFFEF9F00D26A20 /* GLUT.framework in Frameworks */,
			);
			runOnlyForDeploymentPostprocessing = 0;
		};
/* End PBXFrameworksBuildPhase section */

/* Begin PBXGroup section */
		569974CB1AFFE2DB00D26A20 = {
			isa = PBXGroup;
			children = (
				569974F51AFFEFA500D26A20 /* OpenGL.framework */,
				569974F31AFFEF9F00D26A20 /* GLUT.framework */,
				569974EA1AFFE5B500D26A20 /* LLCefLib.xcodeproj */,
				569974D61AFFE2DB00D26A20 /* testgldll */,
				569974D51AFFE2DB00D26A20 /* Products */,
			);
			sourceTree = "<group>";
		};
		569974D51AFFE2DB00D26A20 /* Products */ = {
			isa = PBXGroup;
			children = (
				569974D41AFFE2DB00D26A20 /* libtestglDLL.dylib */,
			);
			name = Products;
			sourceTree = "<group>";
		};
		569974D61AFFE2DB00D26A20 /* testgldll */ = {
			isa = PBXGroup;
			children = (
				569974E81AFFE35300D26A20 /* testgldll.cpp */,
			);
			path = testgldll;
			sourceTree = "<group>";
		};
		56D50B221B1DD88300465362 /* Products */ = {
			isa = PBXGroup;
			children = (
				56D50B261B1DD88300465362 /* libLLCefLib.a */,
			);
			name = Products;
			sourceTree = "<group>";
		};
/* End PBXGroup section */

/* Begin PBXHeadersBuildPhase section */
		569974D21AFFE2DB00D26A20 /* Headers */ = {
			isa = PBXHeadersBuildPhase;
			buildActionMask = 2147483647;
			files = (
			);
			runOnlyForDeploymentPostprocessing = 0;
		};
/* End PBXHeadersBuildPhase section */

/* Begin PBXNativeTarget section */
		569974D31AFFE2DB00D26A20 /* testglDLL */ = {
			isa = PBXNativeTarget;
			buildConfigurationList = 569974DF1AFFE2DB00D26A20 /* Build configuration list for PBXNativeTarget "testglDLL" */;
			buildPhases = (
				569974D01AFFE2DB00D26A20 /* Sources */,
				569974D11AFFE2DB00D26A20 /* Frameworks */,
				569974D21AFFE2DB00D26A20 /* Headers */,
				569975231B00207300D26A20 /* ShellScript */,
			);
			buildRules = (
			);
			dependencies = (
				56D50B281B1DD88900465362 /* PBXTargetDependency */,
			);
			name = testglDLL;
			productName = testgldll;
			productReference = 569974D41AFFE2DB00D26A20 /* libtestglDLL.dylib */;
			productType = "com.apple.product-type.library.dynamic";
		};
/* End PBXNativeTarget section */

/* Begin PBXProject section */
		569974CC1AFFE2DB00D26A20 /* Project object */ = {
			isa = PBXProject;
			attributes = {
				LastUpgradeCheck = 0620;
				ORGANIZATIONNAME = "Charles De Meulenaer";
				TargetAttributes = {
					569974D31AFFE2DB00D26A20 = {
						CreatedOnToolsVersion = 6.2;
					};
				};
			};
			buildConfigurationList = 569974CF1AFFE2DB00D26A20 /* Build configuration list for PBXProject "testgldll" */;
			compatibilityVersion = "Xcode 3.2";
			developmentRegion = English;
			hasScannedForEncodings = 0;
			knownRegions = (
				en,
			);
			mainGroup = 569974CB1AFFE2DB00D26A20;
			productRefGroup = 569974D51AFFE2DB00D26A20 /* Products */;
			projectDirPath = "";
			projectReferences = (
				{
					ProductGroup = 56D50B221B1DD88300465362 /* Products */;
					ProjectRef = 569974EA1AFFE5B500D26A20 /* LLCefLib.xcodeproj */;
				},
			);
			projectRoot = "";
			targets = (
				569974D31AFFE2DB00D26A20 /* testglDLL */,
			);
		};
/* End PBXProject section */

/* Begin PBXReferenceProxy section */
		56D50B261B1DD88300465362 /* libLLCefLib.a */ = {
			isa = PBXReferenceProxy;
			fileType = archive.ar;
			path = libLLCefLib.a;
			remoteRef = 56D50B251B1DD88300465362 /* PBXContainerItemProxy */;
			sourceTree = BUILT_PRODUCTS_DIR;
		};
/* End PBXReferenceProxy section */

/* Begin PBXShellScriptBuildPhase section */
		569975231B00207300D26A20 /* ShellScript */ = {
			isa = PBXShellScriptBuildPhase;
			buildActionMask = 2147483647;
			files = (
			);
			inputPaths = (
			);
			outputPaths = (
			);
			runOnlyForDeploymentPostprocessing = 0;
			shellPath = /bin/sh;
			shellScript = "# Resign Framework Bundle\ninstall_name_tool -change \"@executable_path/Chromium Embedded Framework\" \"@executable_path/../Frameworks/Chromium Embedded Framework.framework/Chromium Embedded Framework\" \"$TARGET_BUILD_DIR/$EXECUTABLE_NAME\"";
		};
/* End PBXShellScriptBuildPhase section */

/* Begin PBXSourcesBuildPhase section */
		569974D01AFFE2DB00D26A20 /* Sources */ = {
			isa = PBXSourcesBuildPhase;
			buildActionMask = 2147483647;
			files = (
				569974E91AFFE35300D26A20 /* testgldll.cpp in Sources */,
			);
			runOnlyForDeploymentPostprocessing = 0;
		};
/* End PBXSourcesBuildPhase section */

/* Begin PBXTargetDependency section */
		56D50B281B1DD88900465362 /* PBXTargetDependency */ = {
			isa = PBXTargetDependency;
			name = LLCefLib;
			targetProxy = 56D50B271B1DD88900465362 /* PBXContainerItemProxy */;
		};
/* End PBXTargetDependency section */

/* Begin XCBuildConfiguration section */
		569974DD1AFFE2DB00D26A20 /* Debug */ = {
			isa = XCBuildConfiguration;
			buildSettings = {
				ALWAYS_SEARCH_USER_PATHS = NO;
				ARCHS = "$(ARCHS_STANDARD_32_BIT)";
				CLANG_CXX_LANGUAGE_STANDARD = "gnu++0x";
				CLANG_CXX_LIBRARY = "libstdc++";
				CLANG_ENABLE_MODULES = YES;
				CLANG_ENABLE_OBJC_ARC = YES;
				CLANG_WARN_BOOL_CONVERSION = YES;
				CLANG_WARN_CONSTANT_CONVERSION = YES;
				CLANG_WARN_DIRECT_OBJC_ISA_USAGE = YES_ERROR;
				CLANG_WARN_EMPTY_BODY = YES;
				CLANG_WARN_ENUM_CONVERSION = YES;
				CLANG_WARN_INT_CONVERSION = YES;
				CLANG_WARN_OBJC_ROOT_CLASS = YES_ERROR;
				CLANG_WARN_UNREACHABLE_CODE = YES;
				CLANG_WARN__DUPLICATE_METHOD_MATCH = YES;
				COPY_PHASE_STRIP = NO;
				ENABLE_STRICT_OBJC_MSGSEND = YES;
				GCC_C_LANGUAGE_STANDARD = gnu99;
				GCC_DYNAMIC_NO_PIC = NO;
				GCC_OPTIMIZATION_LEVEL = 0;
				GCC_PREPROCESSOR_DEFINITIONS = (
					"DEBUG=1",
					"$(inherited)",
				);
				GCC_SYMBOLS_PRIVATE_EXTERN = NO;
				GCC_WARN_64_TO_32_BIT_CONVERSION = YES;
				GCC_WARN_ABOUT_RETURN_TYPE = YES_ERROR;
				GCC_WARN_UNDECLARED_SELECTOR = YES;
				GCC_WARN_UNINITIALIZED_AUTOS = YES_AGGRESSIVE;
				GCC_WARN_UNUSED_FUNCTION = YES;
				GCC_WARN_UNUSED_VARIABLE = YES;
				MACOSX_DEPLOYMENT_TARGET = 10.7;
				MTL_ENABLE_DEBUG_INFO = YES;
				ONLY_ACTIVE_ARCH = NO;
				SDKROOT = macosx;
			};
			name = Debug;
		};
		569974DE1AFFE2DB00D26A20 /* Release */ = {
			isa = XCBuildConfiguration;
			buildSettings = {
				ALWAYS_SEARCH_USER_PATHS = NO;
				ARCHS = "$(ARCHS_STANDARD_32_BIT)";
				CLANG_CXX_LANGUAGE_STANDARD = "gnu++0x";
				CLANG_CXX_LIBRARY = "libstdc++";
				CLANG_ENABLE_MODULES = YES;
				CLANG_ENABLE_OBJC_ARC = YES;
				CLANG_WARN_BOOL_CONVERSION = YES;
				CLANG_WARN_CONSTANT_CONVERSION = YES;
				CLANG_WARN_DIRECT_OBJC_ISA_USAGE = YES_ERROR;
				CLANG_WARN_EMPTY_BODY = YES;
				CLANG_WARN_ENUM_CONVERSION = YES;
				CLANG_WARN_INT_CONVERSION = YES;
				CLANG_WARN_OBJC_ROOT_CLASS = YES_ERROR;
				CLANG_WARN_UNREACHABLE_CODE = YES;
				CLANG_WARN__DUPLICATE_METHOD_MATCH = YES;
				COPY_PHASE_STRIP = NO;
				DEBUG_INFORMATION_FORMAT = "dwarf-with-dsym";
				ENABLE_NS_ASSERTIONS = NO;
				ENABLE_STRICT_OBJC_MSGSEND = YES;
				GCC_C_LANGUAGE_STANDARD = gnu99;
				GCC_WARN_64_TO_32_BIT_CONVERSION = YES;
				GCC_WARN_ABOUT_RETURN_TYPE = YES_ERROR;
				GCC_WARN_UNDECLARED_SELECTOR = YES;
				GCC_WARN_UNINITIALIZED_AUTOS = YES_AGGRESSIVE;
				GCC_WARN_UNUSED_FUNCTION = YES;
				GCC_WARN_UNUSED_VARIABLE = YES;
				MACOSX_DEPLOYMENT_TARGET = 10.7;
				MTL_ENABLE_DEBUG_INFO = NO;
				ONLY_ACTIVE_ARCH = NO;
				SDKROOT = macosx;
			};
			name = Release;
		};
		569974E01AFFE2DB00D26A20 /* Debug */ = {
			isa = XCBuildConfiguration;
			buildSettings = {
				ALWAYS_SEARCH_USER_PATHS = YES;
				ARCHS = "$(ARCHS_STANDARD_32_BIT)";
				CLANG_CXX_LANGUAGE_STANDARD = "c++98";
				CLANG_CXX_LIBRARY = "libstdc++";
				CLANG_ENABLE_OBJC_ARC = NO;
				DYLIB_COMPATIBILITY_VERSION = 1;
				DYLIB_CURRENT_VERSION = 1;
				EXECUTABLE_PREFIX = lib;
				GCC_ENABLE_CPP_EXCEPTIONS = YES;
				GCC_ENABLE_CPP_RTTI = YES;
				GCC_SYMBOLS_PRIVATE_EXTERN = YES;
				HEADER_SEARCH_PATHS = (
					"$(inherited)",
					/Applications/Xcode.app/Contents/Developer/Toolchains/XcodeDefault.xctoolchain/usr/include,
					freeglut/include,
					../../include,
				);
				OTHER_LDFLAGS = (
					"-Wl,-search_paths_first",
					"-Wl,-ObjC",
					"-Wl,-search_paths_first",
					"-Wl,-headerpad_max_install_names",
					"-fPIC",
					"\"../../../cef_2171_OSX_32/Debug/Chromium Embedded Framework.framework/Chromium Embedded Framework\"",
					"\"../../../cef_2171_OSX_32/build/libcef_dll/Debug/libcef_dll_wrapper.a\"",
					"-lpthread",
					"-framework",
					Cocoa,
					"-framework",
					AppKit,
					"-framework",
					OpenGL,
				);
				PRODUCT_NAME = testglDLL;
				STRIP_INSTALLED_PRODUCT = YES;
			};
			name = Debug;
		};
		569974E11AFFE2DB00D26A20 /* Release */ = {
			isa = XCBuildConfiguration;
			buildSettings = {
				ALWAYS_SEARCH_USER_PATHS = YES;
				ARCHS = "$(ARCHS_STANDARD_32_BIT)";
				CLANG_CXX_LANGUAGE_STANDARD = "c++98";
				CLANG_CXX_LIBRARY = "libstdc++";
				CLANG_ENABLE_OBJC_ARC = NO;
				DYLIB_COMPATIBILITY_VERSION = 1;
				DYLIB_CURRENT_VERSION = 1;
				EXECUTABLE_PREFIX = lib;
				GCC_ENABLE_CPP_EXCEPTIONS = YES;
				GCC_ENABLE_CPP_RTTI = YES;
				GCC_SYMBOLS_PRIVATE_EXTERN = YES;
				HEADER_SEARCH_PATHS = (
					"$(inherited)",
					/Applications/Xcode.app/Contents/Developer/Toolchains/XcodeDefault.xctoolchain/usr/include,
					freeglut/include,
					../../include,
				);
				OTHER_LDFLAGS = (
					"-Wl,-search_paths_first",
					"-Wl,-ObjC",
					"-Wl,-dead_strip",
					"-Wl,-search_paths_first",
					"-Wl,-headerpad_max_install_names",
					"-fPIC",
					"\"../../../cef_2171_OSX_32/Release/Chromium Embedded Framework.framework/Chromium Embedded Framework\"",
					"\"../../../cef_2171_OSX_32/build/libcef_dll/Release/libcef_dll_wrapper.a\"",
					"-lpthread",
					"-framework",
					Cocoa,
					"-framework",
					AppKit,
					"-framework",
					OpenGL,
				);
				PRODUCT_NAME = testglDLL;
				STRIP_INSTALLED_PRODUCT = YES;
			};
			name = Release;
		};
/* End XCBuildConfiguration section */

/* Begin XCConfigurationList section */
		569974CF1AFFE2DB00D26A20 /* Build configuration list for PBXProject "testgldll" */ = {
			isa = XCConfigurationList;
			buildConfigurations = (
				569974DD1AFFE2DB00D26A20 /* Debug */,
				569974DE1AFFE2DB00D26A20 /* Release */,
			);
			defaultConfigurationIsVisible = 0;
			defaultConfigurationName = Release;
		};
		569974DF1AFFE2DB00D26A20 /* Build configuration list for PBXNativeTarget "testglDLL" */ = {
			isa = XCConfigurationList;
			buildConfigurations = (
				569974E01AFFE2DB00D26A20 /* Debug */,
				569974E11AFFE2DB00D26A20 /* Release */,
			);
			defaultConfigurationIsVisible = 0;
			defaultConfigurationName = Release;
		};
/* End XCConfigurationList section */
	};
	rootObject = 569974CC1AFFE2DB00D26A20 /* Project object */;
}
