// !$*UTF8*$!
{
	archiveVersion = 1;
	classes = {
	};
	objectVersion = 46;
	objects = {

/* Begin PBXBuildFile section */
		56BA2E9F1B1F98BA00D7376C /* testglDLLrunner.cpp in Sources */ = {isa = PBXBuildFile; fileRef = 56BA2E9E1B1F98BA00D7376C /* testglDLLrunner.cpp */; };
/* End PBXBuildFile section */

/* Begin PBXContainerItemProxy section */
		56DF1AAD1B00F63D00A2FE9F /* PBXContainerItemProxy */ = {
			isa = PBXContainerItemProxy;
			containerPortal = 56DF1AA81B00F63D00A2FE9F /* testgldll.xcodeproj */;
			proxyType = 2;
			remoteGlobalIDString = 569974D41AFFE2DB00D26A20;
			remoteInfo = testgldll;
		};
		56DF1AAF1B00F64600A2FE9F /* PBXContainerItemProxy */ = {
			isa = PBXContainerItemProxy;
			containerPortal = 56DF1AA81B00F63D00A2FE9F /* testgldll.xcodeproj */;
			proxyType = 1;
			remoteGlobalIDString = 569974D31AFFE2DB00D26A20;
			remoteInfo = testgldll;
		};
/* End PBXContainerItemProxy section */

/* Begin PBXFileReference section */
		56BA2E9E1B1F98BA00D7376C /* testglDLLrunner.cpp */ = {isa = PBXFileReference; explicitFileType = sourcecode.cpp.objcpp; fileEncoding = 4; name = testglDLLrunner.cpp; path = ../../testglDLLrunner.cpp; sourceTree = "<group>"; };
		56DF1A811B00F52200A2FE9F /* testglDLLrunner.app */ = {isa = PBXFileReference; explicitFileType = wrapper.application; includeInIndex = 0; path = testglDLLrunner.app; sourceTree = BUILT_PRODUCTS_DIR; };
		56DF1AA61B00F5BF00A2FE9F /* Info.plist */ = {isa = PBXFileReference; fileEncoding = 4; lastKnownFileType = text.plist.xml; name = Info.plist; path = Resources/Info.plist; sourceTree = SOURCE_ROOT; };
		56DF1AA81B00F63D00A2FE9F /* testgldll.xcodeproj */ = {isa = PBXFileReference; lastKnownFileType = "wrapper.pb-project"; name = testgldll.xcodeproj; path = ../../testGLdll/testgldll.xcodeproj; sourceTree = "<group>"; };
/* End PBXFileReference section */

/* Begin PBXFrameworksBuildPhase section */
		56DF1A7E1B00F52200A2FE9F /* Frameworks */ = {
			isa = PBXFrameworksBuildPhase;
			buildActionMask = 2147483647;
			files = (
			);
			runOnlyForDeploymentPostprocessing = 0;
		};
/* End PBXFrameworksBuildPhase section */

/* Begin PBXGroup section */
		56DF1A781B00F52200A2FE9F = {
			isa = PBXGroup;
			children = (
				56DF1AA81B00F63D00A2FE9F /* testgldll.xcodeproj */,
				56DF1A831B00F52200A2FE9F /* testglDLLrunner */,
				56DF1A821B00F52200A2FE9F /* Products */,
			);
			sourceTree = "<group>";
		};
		56DF1A821B00F52200A2FE9F /* Products */ = {
			isa = PBXGroup;
			children = (
				56DF1A811B00F52200A2FE9F /* testglDLLrunner.app */,
			);
			name = Products;
			sourceTree = "<group>";
		};
		56DF1A831B00F52200A2FE9F /* testglDLLrunner */ = {
			isa = PBXGroup;
			children = (
				56DF1AA61B00F5BF00A2FE9F /* Info.plist */,
				56BA2E9E1B1F98BA00D7376C /* testglDLLrunner.cpp */,
			);
			path = testglDLLrunner;
			sourceTree = "<group>";
		};
		56DF1AA91B00F63D00A2FE9F /* Products */ = {
			isa = PBXGroup;
			children = (
				56DF1AAE1B00F63D00A2FE9F /* libtestglDLL.dylib */,
			);
			name = Products;
			sourceTree = "<group>";
		};
/* End PBXGroup section */

/* Begin PBXNativeTarget section */
		56DF1A801B00F52200A2FE9F /* testglDLLrunner */ = {
			isa = PBXNativeTarget;
			buildConfigurationList = 56DF1A9E1B00F52200A2FE9F /* Build configuration list for PBXNativeTarget "testglDLLrunner" */;
			buildPhases = (
				56DF1A7D1B00F52200A2FE9F /* Sources */,
				56DF1A7E1B00F52200A2FE9F /* Frameworks */,
				56DF1A7F1B00F52200A2FE9F /* Resources */,
				56DF1AB41B00F7BC00A2FE9F /* ShellScript */,
			);
			buildRules = (
			);
			dependencies = (
				56DF1AB01B00F64600A2FE9F /* PBXTargetDependency */,
			);
			name = testglDLLrunner;
			productName = testglDLLrunner;
			productReference = 56DF1A811B00F52200A2FE9F /* testglDLLrunner.app */;
			productType = "com.apple.product-type.application";
		};
/* End PBXNativeTarget section */

/* Begin PBXProject section */
		56DF1A791B00F52200A2FE9F /* Project object */ = {
			isa = PBXProject;
			attributes = {
				LastUpgradeCheck = 0620;
				ORGANIZATIONNAME = "Charles De Meulenaer";
				TargetAttributes = {
					56DF1A801B00F52200A2FE9F = {
						CreatedOnToolsVersion = 6.2;
					};
				};
			};
			buildConfigurationList = 56DF1A7C1B00F52200A2FE9F /* Build configuration list for PBXProject "testglDLLrunner" */;
			compatibilityVersion = "Xcode 3.2";
			developmentRegion = English;
			hasScannedForEncodings = 0;
			knownRegions = (
				en,
				Base,
			);
			mainGroup = 56DF1A781B00F52200A2FE9F;
			productRefGroup = 56DF1A821B00F52200A2FE9F /* Products */;
			projectDirPath = "";
			projectReferences = (
				{
					ProductGroup = 56DF1AA91B00F63D00A2FE9F /* Products */;
					ProjectRef = 56DF1AA81B00F63D00A2FE9F /* testgldll.xcodeproj */;
				},
			);
			projectRoot = "";
			targets = (
				56DF1A801B00F52200A2FE9F /* testglDLLrunner */,
			);
		};
/* End PBXProject section */

/* Begin PBXReferenceProxy section */
		56DF1AAE1B00F63D00A2FE9F /* libtestglDLL.dylib */ = {
			isa = PBXReferenceProxy;
			fileType = "compiled.mach-o.dylib";
			path = libtestglDLL.dylib;
			remoteRef = 56DF1AAD1B00F63D00A2FE9F /* PBXContainerItemProxy */;
			sourceTree = BUILT_PRODUCTS_DIR;
		};
/* End PBXReferenceProxy section */

/* Begin PBXResourcesBuildPhase section */
		56DF1A7F1B00F52200A2FE9F /* Resources */ = {
			isa = PBXResourcesBuildPhase;
			buildActionMask = 2147483647;
			files = (
			);
			runOnlyForDeploymentPostprocessing = 0;
		};
/* End PBXResourcesBuildPhase section */

/* Begin PBXShellScriptBuildPhase section */
		56DF1AB41B00F7BC00A2FE9F /* ShellScript */ = {
			isa = PBXShellScriptBuildPhase;
			buildActionMask = 2147483647;
			files = (
			);
			inputPaths = (
			);
			outputPaths = (
			);
			runOnlyForDeploymentPostprocessing = 0;
			shellPath = /bin/sh;
			shellScript = "# Create Frameworks dir\nmkdir -p \"$TARGET_BUILD_DIR/$FULL_PRODUCT_NAME/Contents/Frameworks/\"\n#####\n\n# Cp CEF to the Frameworks dir if it doesn't exist\ncp -R -p \"$TARGET_BUILD_DIR/Chromium Embedded Framework.framework\" \"$TARGET_BUILD_DIR/$FULL_PRODUCT_NAME/Contents/Frameworks/\"\n#####\n\n# Cp the dylib to the Frameworks dir if it doesn't exist\ncp -R -p \"$TARGET_BUILD_DIR/libtestgldll.dylib\" \"$TARGET_BUILD_DIR/$FULL_PRODUCT_NAME/Contents/Frameworks\"\n#####\n\n# Cp LLCefLib Helper to the Frameworks dir if it doesn't exist\ncp -R -p \"$TARGET_BUILD_DIR/LLCefLib Helper.app\" \"$TARGET_BUILD_DIR/$FULL_PRODUCT_NAME/Contents/Frameworks/\"\n#####\n\n# Cp LLCefLib Helper EH to the Frameworks dir if it doesn't exist\ncp -R -p \"$TARGET_BUILD_DIR/LLCefLib Helper EH.app\" \"$TARGET_BUILD_DIR/$FULL_PRODUCT_NAME/Contents/Frameworks/\"\n#####\n\n\n# Create Frameworks dir\n#mkdir -p \"../../../build_mac/llceflib/Build/products/$CONFIGURATION/$FULL_PRODUCT_NAME/Contents/Frameworks/\"\n#####\n\n# Cp CEF to the Frameworks dir if it doesn't exist\n#cp -R -p \"../../../build_mac/llceflib/Build/products/$CONFIGURATION/Chromium Embedded Framework.framework\" \"../../../build_mac/llceflib/Build/products/$CONFIGURATION/$FULL_PRODUCT_NAME/Contents/Frameworks/\"\n#####\n\n# Cp the dylib to the Frameworks dir if it doesn't exist\n#cp -R -p \"../../../build_mac/llceflib/Build/products/$CONFIGURATION/libtestgldll.dylib\" \"../../../build_mac/llceflib/Build/products/$CONFIGURATION/$FULL_PRODUCT_NAME/Contents/Frameworks\"\n#####\n\n# Cp LLCefLib Helper to the Frameworks dir if it doesn't exist\n#cp -R -p \"../../../build_mac/llceflib/Build/products/$CONFIGURATION/LLCefLib Helper.app\" \"../../../build_mac/llceflib/Build/products/$CONFIGURATION/$FULL_PRODUCT_NAME/Contents/Frameworks/\"\n#####\n\n# Cp LLCefLib Helper EH to the Frameworks dir if it doesn't exist\n#cp -R -p \"../../../build_mac/llceflib/Build/products/$CONFIGURATION/LLCefLib Helper EH.app\" \"../../../build_mac/llceflib/Build/products/$CONFIGURATION/$FULL_PRODUCT_NAME/Contents/Frameworks/\"\n#####";
		};
/* End PBXShellScriptBuildPhase section */

/* Begin PBXSourcesBuildPhase section */
		56DF1A7D1B00F52200A2FE9F /* Sources */ = {
			isa = PBXSourcesBuildPhase;
			buildActionMask = 2147483647;
			files = (
				56BA2E9F1B1F98BA00D7376C /* testglDLLrunner.cpp in Sources */,
			);
			runOnlyForDeploymentPostprocessing = 0;
		};
/* End PBXSourcesBuildPhase section */

/* Begin PBXTargetDependency section */
		56DF1AB01B00F64600A2FE9F /* PBXTargetDependency */ = {
			isa = PBXTargetDependency;
			name = testgldll;
			targetProxy = 56DF1AAF1B00F64600A2FE9F /* PBXContainerItemProxy */;
		};
/* End PBXTargetDependency section */

/* Begin XCBuildConfiguration section */
		56DF1A9C1B00F52200A2FE9F /* Debug */ = {
			isa = XCBuildConfiguration;
			buildSettings = {
				ALWAYS_SEARCH_USER_PATHS = NO;
				CLANG_CXX_LANGUAGE_STANDARD = "gnu++0x";
				CLANG_CXX_LIBRARY = "libc++";
				CLANG_ENABLE_MODULES = YES;
				CLANG_ENABLE_OBJC_ARC = YES;
				CLANG_WARN_BOOL_CONVERSION = YES;
				CLANG_WARN_CONSTANT_CONVERSION = YES;
				CLANG_WARN_DIRECT_OBJC_ISA_USAGE = YES_ERROR;
				CLANG_WARN_EMPTY_BODY = YES;
				CLANG_WARN_ENUM_CONVERSION = YES;
				CLANG_WARN_INT_CONVERSION = YES;
				CLANG_WARN_OBJC_ROOT_CLASS = YES_ERROR;
				CLANG_WARN_UNREACHABLE_CODE = YES;
				CLANG_WARN__DUPLICATE_METHOD_MATCH = YES;
				CODE_SIGN_IDENTITY = "-";
				COPY_PHASE_STRIP = NO;
				ENABLE_STRICT_OBJC_MSGSEND = YES;
				GCC_C_LANGUAGE_STANDARD = gnu99;
				GCC_DYNAMIC_NO_PIC = NO;
				GCC_OPTIMIZATION_LEVEL = 0;
				GCC_PREPROCESSOR_DEFINITIONS = (
					"DEBUG=1",
					"$(inherited)",
				);
				GCC_SYMBOLS_PRIVATE_EXTERN = NO;
				GCC_WARN_64_TO_32_BIT_CONVERSION = YES;
				GCC_WARN_ABOUT_RETURN_TYPE = YES_ERROR;
				GCC_WARN_UNDECLARED_SELECTOR = YES;
				GCC_WARN_UNINITIALIZED_AUTOS = YES_AGGRESSIVE;
				GCC_WARN_UNUSED_FUNCTION = YES;
				GCC_WARN_UNUSED_VARIABLE = YES;
				MACOSX_DEPLOYMENT_TARGET = 10.10;
				MTL_ENABLE_DEBUG_INFO = YES;
				ONLY_ACTIVE_ARCH = YES;
				SDKROOT = macosx;
			};
			name = Debug;
		};
		56DF1A9D1B00F52200A2FE9F /* Release */ = {
			isa = XCBuildConfiguration;
			buildSettings = {
				ALWAYS_SEARCH_USER_PATHS = NO;
				CLANG_CXX_LANGUAGE_STANDARD = "gnu++0x";
				CLANG_CXX_LIBRARY = "libc++";
				CLANG_ENABLE_MODULES = YES;
				CLANG_ENABLE_OBJC_ARC = YES;
				CLANG_WARN_BOOL_CONVERSION = YES;
				CLANG_WARN_CONSTANT_CONVERSION = YES;
				CLANG_WARN_DIRECT_OBJC_ISA_USAGE = YES_ERROR;
				CLANG_WARN_EMPTY_BODY = YES;
				CLANG_WARN_ENUM_CONVERSION = YES;
				CLANG_WARN_INT_CONVERSION = YES;
				CLANG_WARN_OBJC_ROOT_CLASS = YES_ERROR;
				CLANG_WARN_UNREACHABLE_CODE = YES;
				CLANG_WARN__DUPLICATE_METHOD_MATCH = YES;
				CODE_SIGN_IDENTITY = "-";
				COPY_PHASE_STRIP = NO;
				DEBUG_INFORMATION_FORMAT = "dwarf-with-dsym";
				ENABLE_NS_ASSERTIONS = NO;
				ENABLE_STRICT_OBJC_MSGSEND = YES;
				GCC_C_LANGUAGE_STANDARD = gnu99;
				GCC_WARN_64_TO_32_BIT_CONVERSION = YES;
				GCC_WARN_ABOUT_RETURN_TYPE = YES_ERROR;
				GCC_WARN_UNDECLARED_SELECTOR = YES;
				GCC_WARN_UNINITIALIZED_AUTOS = YES_AGGRESSIVE;
				GCC_WARN_UNUSED_FUNCTION = YES;
				GCC_WARN_UNUSED_VARIABLE = YES;
				MACOSX_DEPLOYMENT_TARGET = 10.10;
				MTL_ENABLE_DEBUG_INFO = NO;
				SDKROOT = macosx;
			};
			name = Release;
		};
		56DF1A9F1B00F52200A2FE9F /* Debug */ = {
			isa = XCBuildConfiguration;
			buildSettings = {
				ARCHS = "$(ARCHS_STANDARD_32_BIT)";
				ASSETCATALOG_COMPILER_APPICON_NAME = AppIcon;
				CLANG_CXX_LANGUAGE_STANDARD = "compiler-default";
				CLANG_CXX_LIBRARY = "libstdc++";
				CLANG_ENABLE_OBJC_ARC = NO;
				COMBINE_HIDPI_IMAGES = YES;
				INFOPLIST_FILE = "$(SRCROOT)/Resources/Info.plist";
				LD_RUNPATH_SEARCH_PATHS = "$(inherited) @executable_path/../Frameworks";
				OTHER_CODE_SIGN_FLAGS = "--deep";
				PRODUCT_NAME = testglDLLrunner;
			};
			name = Debug;
		};
		56DF1AA01B00F52200A2FE9F /* Release */ = {
			isa = XCBuildConfiguration;
			buildSettings = {
				ARCHS = "$(ARCHS_STANDARD_32_BIT)";
				ASSETCATALOG_COMPILER_APPICON_NAME = AppIcon;
				CLANG_CXX_LANGUAGE_STANDARD = "compiler-default";
				CLANG_CXX_LIBRARY = "libstdc++";
				CLANG_ENABLE_OBJC_ARC = NO;
				COMBINE_HIDPI_IMAGES = YES;
				INFOPLIST_FILE = "$(SRCROOT)/Resources/Info.plist";
				LD_RUNPATH_SEARCH_PATHS = "$(inherited) @executable_path/../Frameworks";
				OTHER_CODE_SIGN_FLAGS = "--deep";
				PRODUCT_NAME = testglDLLrunner;
			};
			name = Release;
		};
/* End XCBuildConfiguration section */

/* Begin XCConfigurationList section */
		56DF1A7C1B00F52200A2FE9F /* Build configuration list for PBXProject "testglDLLrunner" */ = {
			isa = XCConfigurationList;
			buildConfigurations = (
				56DF1A9C1B00F52200A2FE9F /* Debug */,
				56DF1A9D1B00F52200A2FE9F /* Release */,
			);
			defaultConfigurationIsVisible = 0;
			defaultConfigurationName = Release;
		};
		56DF1A9E1B00F52200A2FE9F /* Build configuration list for PBXNativeTarget "testglDLLrunner" */ = {
			isa = XCConfigurationList;
			buildConfigurations = (
				56DF1A9F1B00F52200A2FE9F /* Debug */,
				56DF1AA01B00F52200A2FE9F /* Release */,
			);
			defaultConfigurationIsVisible = 0;
			defaultConfigurationName = Release;
		};
/* End XCConfigurationList section */
	};
	rootObject = 56DF1A791B00F52200A2FE9F /* Project object */;
}
